
Microsoft Visual Studio Solution File, Format Version 12.00
# Visual Studio Version 16
VisualStudioVersion = 16.0.31624.102
MinimumVisualStudioVersion = 10.0.40219.1
Project("{9A19103F-16F7-4668-BE54-9A1E7A4F7556}") = "Bank", "Bank\Bank.csproj", "{4565B721-9871-4DB6-A92E-39CBE52FBD53}"
EndProject
Project("{FAE04EC0-301F-11D3-BF4B-00C04F79EFBC}") = "Desafios", "Desafios\Desafios.csproj", "{F159DAD3-C4C2-4A39-81B7-685B54A8FC5B}"
EndProject
Global
	GlobalSection(SolutionConfigurationPlatforms) = preSolution
		Debug|Any CPU = Debug|Any CPU
		Release|Any CPU = Release|Any CPU
	EndGlobalSection
	GlobalSection(ProjectConfigurationPlatforms) = postSolution
		{4565B721-9871-4DB6-A92E-39CBE52FBD53}.Debug|Any CPU.ActiveCfg = Debug|Any CPU
		{4565B721-9871-4DB6-A92E-39CBE52FBD53}.Debug|Any CPU.Build.0 = Debug|Any CPU
		{4565B721-9871-4DB6-A92E-39CBE52FBD53}.Release|Any CPU.ActiveCfg = Release|Any CPU
		{4565B721-9871-4DB6-A92E-39CBE52FBD53}.Release|Any CPU.Build.0 = Release|Any CPU
		{F159DAD3-C4C2-4A39-81B7-685B54A8FC5B}.Debug|Any CPU.ActiveCfg = Debug|Any CPU
		{F159DAD3-C4C2-4A39-81B7-685B54A8FC5B}.Debug|Any CPU.Build.0 = Debug|Any CPU
		{F159DAD3-C4C2-4A39-81B7-685B54A8FC5B}.Release|Any CPU.ActiveCfg = Release|Any CPU
		{F159DAD3-C4C2-4A39-81B7-685B54A8FC5B}.Release|Any CPU.Build.0 = Release|Any CPU
	EndGlobalSection
	GlobalSection(SolutionProperties) = preSolution
		HideSolutionNode = FALSE
	EndGlobalSection
	GlobalSection(ExtensibilityGlobals) = postSolution
		SolutionGuid = {F16DAF2B-0DDD-47A2-B283-A6CAEB4B6AC3}
	EndGlobalSection
EndGlobal
